lockVersion: 2.0.0
id: abb58176-a92d-43ea-b418-227f4288eed7
management:
  docChecksum: ffd025ddb390be8e6e1f87e97da070e8
  docVersion: 0.1.0
  speakeasyVersion: 1.463.1
  generationVersion: 2.486.6
  releaseVersion: 0.2.0
  configChecksum: c8e56728786af3b1edb38ec20e361443
  repoURL: https://github.com/atoma-network/atoma-sdk-python.git
  installationURL: https://github.com/atoma-network/atoma-sdk-python.git
features:
  python:
    additionalDependencies: 1.0.0
    constsAndDefaults: 1.0.5
    core: 5.7.5
    defaultEnabledRetries: 0.2.0
    devContainers: 3.0.0
    envVarSecurityUsage: 0.3.2
    flatRequests: 1.0.1
    globalSecurity: 3.0.2
    globalSecurityCallbacks: 1.0.0
    globalSecurityFlattening: 1.0.0
    globalServerURLs: 3.1.0
    methodArguments: 1.0.2
    nameOverrides: 3.0.1
    nullables: 1.0.0
    responseFormat: 1.0.1
    retries: 3.0.2
    sdkHooks: 1.0.0
    serverEvents: 1.0.7
    unions: 3.0.4
generatedFiles:
  - .devcontainer/README.md
  - .devcontainer/devcontainer.json
  - .devcontainer/setup.sh
  - .gitattributes
  - .python-version
  - .vscode/settings.json
  - CONTRIBUTING.md
  - USAGE.md
  - docs/models/chatcompletionchoice.md
  - docs/models/chatcompletionchunk.md
  - docs/models/chatcompletionchunkchoice.md
  - docs/models/chatcompletionchunkdelta.md
  - docs/models/chatcompletionmessage.md
  - docs/models/chatcompletionresponse.md
  - docs/models/chatcompletionstreamresponse.md
  - docs/models/completionusage.md
  - docs/models/confidentialcomputerequest.md
  - docs/models/confidentialcomputeresponse.md
  - docs/models/createchatcompletionrequest.md
  - docs/models/createchatcompletionstreamrequest.md
  - docs/models/createembeddingrequest.md
  - docs/models/createembeddingresponse.md
  - docs/models/createimagerequest.md
  - docs/models/createimageresponse.md
  - docs/models/embeddinginput.md
  - docs/models/embeddingobject.md
  - docs/models/embeddingusage.md
  - docs/models/healthresponse.md
  - docs/models/imagedata.md
  - docs/models/model.md
  - docs/models/modellist.md
  - docs/models/nodepublicaddressassignment.md
  - docs/models/nodescreatelockrequest.md
  - docs/models/nodescreatelockresponse.md
  - docs/models/nodescreaterequest.md
  - docs/models/nodescreateresponse.md
  - docs/models/security.md
  - docs/models/usage.md
  - docs/models/utils/retryconfig.md
  - docs/sdks/atomasdk/README.md
  - docs/sdks/chat/README.md
  - docs/sdks/confidentialchat/README.md
  - docs/sdks/confidentialembeddings/README.md
  - docs/sdks/confidentialimages/README.md
  - docs/sdks/embeddings/README.md
  - docs/sdks/health/README.md
  - docs/sdks/images/README.md
  - docs/sdks/models/README.md
  - docs/sdks/nodes/README.md
  - poetry.toml
  - py.typed
  - pylintrc
  - pyproject.toml
  - scripts/prepare-readme.py
  - scripts/publish.sh
  - src/atoma_sdk/__init__.py
  - src/atoma_sdk/_hooks/__init__.py
  - src/atoma_sdk/_hooks/sdkhooks.py
  - src/atoma_sdk/_hooks/types.py
  - src/atoma_sdk/_version.py
  - src/atoma_sdk/basesdk.py
  - src/atoma_sdk/chat.py
  - src/atoma_sdk/embeddings.py
  - src/atoma_sdk/health.py
  - src/atoma_sdk/httpclient.py
  - src/atoma_sdk/images.py
  - src/atoma_sdk/models/__init__.py
  - src/atoma_sdk/models/apierror.py
  - src/atoma_sdk/models/chatcompletionchoice.py
  - src/atoma_sdk/models/chatcompletionchunk.py
  - src/atoma_sdk/models/chatcompletionchunkchoice.py
  - src/atoma_sdk/models/chatcompletionchunkdelta.py
  - src/atoma_sdk/models/chatcompletionmessage.py
  - src/atoma_sdk/models/chatcompletionresponse.py
  - src/atoma_sdk/models/chatcompletionstreamresponse.py
  - src/atoma_sdk/models/completionusage.py
  - src/atoma_sdk/models/confidentialcomputerequest.py
  - src/atoma_sdk/models/confidentialcomputeresponse.py
  - src/atoma_sdk/models/createchatcompletionrequest.py
  - src/atoma_sdk/models/createchatcompletionstreamrequest.py
  - src/atoma_sdk/models/createembeddingrequest.py
  - src/atoma_sdk/models/createembeddingresponse.py
  - src/atoma_sdk/models/createimagerequest.py
  - src/atoma_sdk/models/createimageresponse.py
  - src/atoma_sdk/models/embeddinginput.py
  - src/atoma_sdk/models/embeddingobject.py
  - src/atoma_sdk/models/embeddingusage.py
  - src/atoma_sdk/models/healthresponse.py
  - src/atoma_sdk/models/imagedata.py
  - src/atoma_sdk/models/model.py
  - src/atoma_sdk/models/modellist.py
  - src/atoma_sdk/models/nodepublicaddressassignment.py
  - src/atoma_sdk/models/nodescreatelockrequest.py
  - src/atoma_sdk/models/nodescreatelockresponse.py
  - src/atoma_sdk/models/nodescreaterequest.py
  - src/atoma_sdk/models/nodescreateresponse.py
  - src/atoma_sdk/models/security.py
  - src/atoma_sdk/models/usage.py
  - src/atoma_sdk/models_.py
  - src/atoma_sdk/nodes.py
  - src/atoma_sdk/py.typed
  - src/atoma_sdk/sdk.py
  - src/atoma_sdk/sdkconfiguration.py
  - src/atoma_sdk/types/__init__.py
  - src/atoma_sdk/types/basemodel.py
  - src/atoma_sdk/utils/__init__.py
  - src/atoma_sdk/utils/annotations.py
  - src/atoma_sdk/utils/enums.py
  - src/atoma_sdk/utils/eventstreaming.py
  - src/atoma_sdk/utils/forms.py
  - src/atoma_sdk/utils/headers.py
  - src/atoma_sdk/utils/logger.py
  - src/atoma_sdk/utils/metadata.py
  - src/atoma_sdk/utils/queryparams.py
  - src/atoma_sdk/utils/requestbodies.py
  - src/atoma_sdk/utils/retries.py
  - src/atoma_sdk/utils/security.py
  - src/atoma_sdk/utils/serializers.py
  - src/atoma_sdk/utils/url.py
  - src/atoma_sdk/utils/values.py
examples:
  health:
    speakeasy-default-health:
      responses:
        "200":
          application/json: {"message": "<value>"}
  node_public_address_registration:
    speakeasy-default-node-public-address-registration:
      responses:
        "200":
          application/json: "<value>"
  chat_completions_handler:
    speakeasy-default-chat-completions-handler:
      requestBody:
        application/json: {"messages": [{"content": "<value>", "role": "<value>"}, {"content": "<value>", "role": "<value>"}, {"content": "<value>", "role": "<value>"}], "model": "Spyder"}
      responses:
        "200":
          application/json: {"choices": [{"index": 246391, "message": {"content": "<value>", "role": "<value>"}}, {"index": 605464, "message": {"content": "<value>", "role": "<value>"}}, {"index": 59395, "message": {"content": "<value>", "role": "<value>"}}], "created": 605842, "id": "<id>", "model": "Spyder"}
  embeddings_handler:
    speakeasy-default-embeddings-handler:
      responses:
        "200":
          application/json: {"data": [], "model": "Ranchero", "object": "<value>", "usage": {"prompt_tokens": 973350, "total_tokens": 860836}}
  image_generations_handler:
    speakeasy-default-image-generations-handler:
      requestBody:
        application/json: {"model": "Accord", "n": 200572, "prompt": "<value>"}
      responses:
        "200":
          application/json: {"created": 336290, "data": [{"revised_prompt": "<value>", "url": "https://tepid-attraction.net/"}]}
  models_handler:
    speakeasy-default-models-handler:
      responses:
        "200":
          application/json: "<value>"
  create:
    speakeasy-default-create:
      requestBody:
        application/json: {"messages": [{"content": "<value>", "role": "<value>"}], "model": "LeBaron"}
      responses:
        "200":
          application/json: {"choices": [{"index": 134365, "message": {"content": "<value>", "role": "<value>"}}], "created": 69025, "id": "<id>", "model": "PT Cruiser"}
  chat_completions_create:
    speakeasy-default-chat-completions-create:
      requestBody:
        application/json: {"messages": [{"content": "<value>", "role": "<value>"}], "model": "LeBaron"}
      responses:
        "200":
          application/json: {"choices": [{"index": 134365, "message": {"content": "<value>", "role": "<value>"}}], "created": 69025, "id": "<id>", "model": "PT Cruiser"}
  embeddings_create:
    speakeasy-default-embeddings-create:
      requestBody:
        application/json: {"input": "<value>", "model": "LeBaron"}
      responses:
        "200":
          application/json: {"data": [{"embedding": [], "index": 69025, "object": "<value>"}], "model": "PT Cruiser", "object": "<value>", "usage": {"prompt_tokens": 951062, "total_tokens": 86}}
  image_generations_create:
    speakeasy-default-image-generations-create:
      requestBody:
        application/json: {"model": "Model X", "n": 447445, "prompt": "<value>"}
      responses:
        "200":
          application/json: {"created": 331048, "data": [{"revised_prompt": "<value>", "url": "https://enlightened-coliseum.com"}]}
  confidential_chat_completions_create:
    speakeasy-default-confidential-chat-completions-create:
      requestBody:
        application/json: {"ciphertext": "<value>", "client_dh_public_key": "<value>", "model_name": "<value>", "node_dh_public_key": "<value>", "nonce": "<value>", "plaintext_body_hash": "<value>", "salt": "<value>", "stack_small_id": 486589}
      responses:
        "200":
          application/json: {"ciphertext": "<value>", "nonce": "<value>"}
  confidential_embeddings_create:
    speakeasy-default-confidential-embeddings-create:
      requestBody:
        application/json: {"ciphertext": "<value>", "client_dh_public_key": "<value>", "model_name": "<value>", "node_dh_public_key": "<value>", "nonce": "<value>", "plaintext_body_hash": "<value>", "salt": "<value>", "stack_small_id": 486589}
      responses:
        "200":
          application/json: {"ciphertext": "<value>", "nonce": "<value>", "usage": {"prompt_tokens": 951062, "total_tokens": 86}}
  confidential_image_generations_create:
    speakeasy-default-confidential-image-generations-create:
      requestBody:
        application/json: {"ciphertext": "<value>", "client_dh_public_key": "<value>", "model_name": "<value>", "node_dh_public_key": "<value>", "nonce": "<value>", "plaintext_body_hash": "<value>", "salt": "<value>", "stack_small_id": 740198}
      responses:
        "200":
          application/json: {"ciphertext": "<value>", "nonce": "<value>"}
  chat_completions_create_stream:
    speakeasy-default-chat-completions-create-stream:
      requestBody:
        application/json: {"messages": [], "model": "Impala"}
  select_node_public_key:
    speakeasy-default-select-node-public-key:
      requestBody:
        application/json: {"model_name": "<value>"}
      responses:
        "200":
          application/json: "<value>"
  models_list:
    speakeasy-default-models-list:
      responses:
        "200":
          application/json: {"data": [{"created": 640785, "id": "<id>", "object": "<value>", "owned_by": "<value>"}, {"created": 744692, "id": "<id>", "object": "<value>", "owned_by": "<value>"}, {"created": 941970, "id": "<id>", "object": "<value>", "owned_by": "<value>"}], "object": "<value>"}
  nodes_create:
    speakeasy-default-nodes-create:
      requestBody:
        application/json: {"data": {"country": "Andorra", "node_small_id": 3665, "public_address": "<value>"}, "signature": "<value>"}
      responses:
        "200":
          application/json: {"message": "<value>"}
  nodes_models_retrieve:
    speakeasy-default-nodes-models-retrieve:
      parameters:
        path:
          model: "Charger"
      responses:
        "200":
          application/json: {"node_small_id": 695945, "public_key": [325052, 699180], "stack_small_id": 363417}
  nodes_create_lock:
    speakeasy-default-nodes-create-lock:
      requestBody:
        application/json: {"model": "Focus"}
      responses:
        "200":
          application/json: {"node_small_id": 248208, "public_key": "<value>", "stack_small_id": 863000}
generatedTests: {}
